
Microsoft Visual Studio Solution File, Format Version 12.00
# Visual Studio Version 17
VisualStudioVersion = 17.2.32630.192
MinimumVisualStudioVersion = 10.0.40219.1
Project("{FAE04EC0-301F-11D3-BF4B-00C04F79EFBC}") = "HotelBookingAPI", "HotelBookingAPI\HotelBookingAPI.csproj", "{03E7E9F4-BA86-4E17-ACC3-612D99233A04}"
EndProject
Global
	GlobalSection(SolutionConfigurationPlatforms) = preSolution
		Debug|Any CPU = Debug|Any CPU
		Release|Any CPU = Release|Any CPU
	EndGlobalSection
	GlobalSection(ProjectConfigurationPlatforms) = postSolution
		{03E7E9F4-BA86-4E17-ACC3-612D99233A04}.Debug|Any CPU.ActiveCfg = Debug|Any CPU
		{03E7E9F4-BA86-4E17-ACC3-612D99233A04}.Debug|Any CPU.Build.0 = Debug|Any CPU
		{03E7E9F4-BA86-4E17-ACC3-612D99233A04}.Release|Any CPU.ActiveCfg = Release|Any CPU
		{03E7E9F4-BA86-4E17-ACC3-612D99233A04}.Release|Any CPU.Build.0 = Release|Any CPU
	EndGlobalSection
	GlobalSection(SolutionProperties) = preSolution
		HideSolutionNode = FALSE
	EndGlobalSection
	GlobalSection(ExtensibilityGlobals) = postSolution
		SolutionGuid = {E918B22C-279A-417B-A124-6535D06BB611}
	EndGlobalSection
EndGlobal
